{
  "requires": true,
  "lockfileVersion": 1,
  "dependencies": {
    "@types/node": {
      "version": "14.14.32",
      "resolved": "https://registry.npmjs.org/@types/node/-/node-14.14.32.tgz",
      "integrity": "sha512-/Ctrftx/zp4m8JOujM5ZhwzlWLx22nbQJiVqz8/zE15gOeEW+uly3FSX4fGFpcfEvFzXcMCJwq9lGVWgyARXhg=="
    },
    "typescript": {
      "version": "4.3.0-dev.20210307",
      "resolved": "https://registry.npmjs.org/typescript/-/typescript-4.3.0-dev.20210307.tgz",
      "integrity": "sha512-asXnAMJAXz8hPTA5TqI26gpf3l5Rl0hITjWEmuPKlTEVYBY4YVLShwMoo48TKWcq8sQ9Rd7pW8MclXWoHtX45w=="
    }
  }
}
